# This file is automatically @generated by Cargo.
# It is not intended for manual editing.
version = 3

[[package]]
name = "continuation-shared"
version = "0.1.0"

[[package]]
name = "exp01-distinction-machine"
version = "0.1.0"
dependencies = [
 "continuation-shared",
]

[[package]]
name = "exp02-identity-through-repair"
version = "0.1.0"
dependencies = [
 "continuation-shared",
]

[[package]]
name = "exp03-boundary-relative-object"
version = "0.1.0"
dependencies = [
 "continuation-shared",
]

[[package]]
name = "exp04-reachability-as-ownership"
version = "0.1.0"
dependencies = [
 "continuation-shared",
]

[[package]]
name = "exp05-authority-without-knowledge"
version = "0.1.0"
dependencies = [
 "continuation-shared",
]

[[package]]
name = "exp06-lifetime-as-continuation-proof"
version = "0.1.0"
dependencies = [
 "continuation-shared",
]

[[package]]
name = "exp07-admissible-state-space"
version = "0.1.0"
dependencies = [
 "continuation-shared",
]

[[package]]
name = "exp08-hierarchical-admissibility"
version = "0.1.0"
dependencies = [
 "continuation-shared",
]

[[package]]
name = "exp09-null-intervention"
version = "0.1.0"
dependencies = [
 "continuation-shared",
]

[[package]]
name = "exp10-diagnostic-coordinates"
version = "0.1.0"
dependencies = [
 "continuation-shared",
]

[[package]]
name = "exp11-local-repair-global-damage"
version = "0.1.0"
dependencies = [
 "continuation-shared",
]

[[package]]
name = "exp12-repair-budget"
version = "0.1.0"
dependencies = [
 "continuation-shared",
]

[[package]]
name = "exp13-monotonic-ledger"
version = "0.1.0"
dependencies = [
 "continuation-shared",
]

[[package]]
name = "exp14-refusal-without-erasure"
version = "0.1.0"
dependencies = [
 "continuation-shared",
]

[[package]]
name = "exp15-collapse-as-projection"
version = "0.1.0"
dependencies = [
 "continuation-shared",
]

[[package]]
name = "exp16-branch-persistence"
version = "0.1.0"
dependencies = [
 "continuation-shared",
]

[[package]]
name = "exp17-fair-continuation-scheduler"
version = "0.1.0"
dependencies = [
 "continuation-shared",
]

[[package]]
name = "exp18-persistent-generative-world"
version = "0.1.0"
dependencies = [
 "continuation-shared",
]

[[package]]
name = "exp19-physiological-coupling"
version = "0.1.0"
dependencies = [
 "continuation-shared",
]

[[package]]
name = "exp20-representational-repair"
version = "0.1.0"
dependencies = [
 "continuation-shared",
]

[[package]]
name = "exp21-fundamental-continuation"
version = "0.1.0"
dependencies = [
 "continuation-shared",
]

[[package]]
name = "exp22-repair-groupoid"
version = "0.1.0"
dependencies = [
 "continuation-shared",
]

[[package]]
name = "exp23-shared-admissibility-budget"
version = "0.1.0"
dependencies = [
 "continuation-shared",
]

[[package]]
name = "exp24-observer-relative-restorability"
version = "0.1.0"
dependencies = [
 "continuation-shared",
]
